{
  "name": "simple-db-viewer",
  "version": "1.0.0",
  "lockfileVersion": 2,
  "requires": true,
  "packages": {
    "": {
      "name": "simple-db-viewer",
      "version": "1.0.0",
      "dependencies": {
        "express": "^4.19.2",
        "pg": "^8.11.3",
        "mysql2": "^3.6.3",
        "sqlite3": "^5.1.6",
        "mongodb": "^6.2.0"
      },
      "devDependencies": {
        "nodemon": "^3.0.1"
      }
    }
  },
  "dependencies": {
    "express": {
      "version": "4.19.2",
      "resolved": "https://registry.npmjs.org/express/-/express-4.19.2.tgz",
      "integrity": "sha512-PLACEHOLDER",
      "requires": {}
    }
  }
}
